{
  "version": 4,
  "terraform_version": "1.8.4",
  "serial": 202,
  "lineage": "5bef6588-ab8b-8a78-a8bc-cebcf626a08f",
  "outputs": {
    "autonomous_database_id": {
      "value": "ocid1.autonomousdatabase.oc1.sa-saopaulo-1.antxeljri6xectaaqjurfdbb6rrrv4gwsvs2wratrvo4qpikuanve4gw3u4a",
      "type": "string"
    },
    "autonomous_database_name": {
      "value": "vautest",
      "type": "string"
    },
    "compartment-OCID": {
      "value": "ocid1.compartment.oc1..aaaaaaaa7v3lrjkesg266yefxopivj23d6jcnnzoriz7juqjtvzkl75wgbaq",
      "type": "string"
    },
    "compartment-name": {
      "value": "VAU-Compartment",
      "type": "string"
    },
    "id-for-for-route-table-that-includes-the-nat-gateway": {
      "value": "ocid1.routetable.oc1.sa-saopaulo-1.aaaaaaaafwzl5pp3qm473vihsie4mbcpzk44flniteh5klbuq6ye7kjvhi2a",
      "type": "string"
    },
    "id-for-route-table-that-includes-the-internet-gateway": {
      "value": "ocid1.routetable.oc1.sa-saopaulo-1.aaaaaaaaiuj3n3bdukvvqmmgednad3g46enjg27w2iawdvit5dnqamv7jgpa",
      "type": "string"
    },
    "name-of-first-availability-domain": {
      "value": "kfhe:SA-SAOPAULO-1-AD-1",
      "type": "string"
    },
    "nat-gateway-id": {
      "value": "ocid1.natgateway.oc1.sa-saopaulo-1.aaaaaaaadhkkadpz6cks4jj7edu7c6hwbl4cit43zuvxtfenvf23bq67zm4a",
      "type": "string"
    },
    "oci_artifacts_container_repository_auth": {
      "value": {
        "billable_size_in_gbs": "0",
        "compartment_id": "ocid1.compartment.oc1..aaaaaaaa7v3lrjkesg266yefxopivj23d6jcnnzoriz7juqjtvzkl75wgbaq",
        "created_by": "ocid1.user.oc1..aaaaaaaawf2koq7qwkhdcnjkms4plr73xxgo53d2a7vxdbrmjq4fafegsuea",
        "defined_tags": {},
        "display_name": "vau-ms-auth",
        "freeform_tags": {},
        "id": "ocid1.containerrepo.oc1.sa-saopaulo-1.0.grgdwmz4vaot.aaaaaaaanbtdyu4tzxbsnbhgm7jmvuretjidqztq4szk3aiybk7veu6oxp2a",
        "image_count": 0,
        "is_immutable": false,
        "is_public": true,
        "layer_count": 0,
        "layers_size_in_bytes": "0",
        "namespace": "grgdwmz4vaot",
        "readme": [],
        "state": "AVAILABLE",
        "system_tags": {},
        "time_created": "2024-06-06 16:25:16.643 +0000 UTC",
        "time_last_pushed": null,
        "timeouts": null
      },
      "type": [
        "object",
        {
          "billable_size_in_gbs": "string",
          "compartment_id": "string",
          "created_by": "string",
          "defined_tags": [
            "map",
            "string"
          ],
          "display_name": "string",
          "freeform_tags": [
            "map",
            "string"
          ],
          "id": "string",
          "image_count": "number",
          "is_immutable": "bool",
          "is_public": "bool",
          "layer_count": "number",
          "layers_size_in_bytes": "string",
          "namespace": "string",
          "readme": [
            "list",
            [
              "object",
              {
                "content": "string",
                "format": "string"
              }
            ]
          ],
          "state": "string",
          "system_tags": [
            "map",
            "string"
          ],
          "time_created": "string",
          "time_last_pushed": "string",
          "timeouts": [
            "object",
            {
              "create": "string",
              "delete": "string",
              "update": "string"
            }
          ]
        }
      ]
    },
    "oci_artifacts_container_repository_video": {
      "value": {
        "billable_size_in_gbs": "0",
        "compartment_id": "ocid1.compartment.oc1..aaaaaaaa7v3lrjkesg266yefxopivj23d6jcnnzoriz7juqjtvzkl75wgbaq",
        "created_by": "ocid1.user.oc1..aaaaaaaawf2koq7qwkhdcnjkms4plr73xxgo53d2a7vxdbrmjq4fafegsuea",
        "defined_tags": {},
        "display_name": "vau-ms-video",
        "freeform_tags": {},
        "id": "ocid1.containerrepo.oc1.sa-saopaulo-1.0.grgdwmz4vaot.aaaaaaaaxx65mzdamahkbg7ceti7lnppf6liv5ydwhbzshq2tfh65nicwktq",
        "image_count": 0,
        "is_immutable": false,
        "is_public": true,
        "layer_count": 0,
        "layers_size_in_bytes": "0",
        "namespace": "grgdwmz4vaot",
        "readme": [],
        "state": "AVAILABLE",
        "system_tags": {},
        "time_created": "2024-06-06 16:14:43.762 +0000 UTC",
        "time_last_pushed": null,
        "timeouts": null
      },
      "type": [
        "object",
        {
          "billable_size_in_gbs": "string",
          "compartment_id": "string",
          "created_by": "string",
          "defined_tags": [
            "map",
            "string"
          ],
          "display_name": "string",
          "freeform_tags": [
            "map",
            "string"
          ],
          "id": "string",
          "image_count": "number",
          "is_immutable": "bool",
          "is_public": "bool",
          "layer_count": "number",
          "layers_size_in_bytes": "string",
          "namespace": "string",
          "readme": [
            "list",
            [
              "object",
              {
                "content": "string",
                "format": "string"
              }
            ]
          ],
          "state": "string",
          "system_tags": [
            "map",
            "string"
          ],
          "time_created": "string",
          "time_last_pushed": "string",
          "timeouts": [
            "object",
            {
              "create": "string",
              "delete": "string",
              "update": "string"
            }
          ]
        }
      ]
    },
    "private-security-list-OCID": {
      "value": "ocid1.securitylist.oc1.sa-saopaulo-1.aaaaaaaajgwcgfdmiuzbnsudtyxjjrzvwcvdwzble4vz5rqzde34vpvfo5ia",
      "type": "string"
    },
    "private-security-list-name": {
      "value": "vau-security-list-for-private-subnet",
      "type": "string"
    },
    "private-subnet-OCID": {
      "value": "ocid1.subnet.oc1.sa-saopaulo-1.aaaaaaaagzm4z47zw3hzijkff77alrazqek7j5z3ponhyu3qdtruetqk7rha",
      "type": "string"
    },
    "private-subnet-name": {
      "value": "vau-private-subnet",
      "type": "string"
    },
    "public-ip-for-auth-compute-instance": {
      "value": "146.235.50.45",
      "type": "string"
    },
    "public-ip-for-campaigns-compute-instance": {
      "value": "164.152.37.99",
      "type": "string"
    },
    "public-security-list-OCID": {
      "value": "ocid1.securitylist.oc1.sa-saopaulo-1.aaaaaaaaahykcrd6377kmtu52k5d74juk7mj3vx5fsxxe5irlwx7alcpzkfq",
      "type": "string"
    },
    "public-security-list-name": {
      "value": "vau-security-list-for-public-subnet",
      "type": "string"
    },
    "public-subnet-OCID": {
      "value": "ocid1.subnet.oc1.sa-saopaulo-1.aaaaaaaa2pm6dvxxs5f3wwyur2jdfpcntyj4mswi6eozc723s5zrddeolczq",
      "type": "string"
    },
    "public-subnet-name": {
      "value": "vau-public-subnet",
      "type": "string"
    },
    "vcn_id": {
      "value": "ocid1.vcn.oc1.sa-saopaulo-1.amaaaaaai6xectaatt4adlfz5odvtc55wb32rczdgqocz6bloehfxwc4lqoa",
      "type": "string"
    }
  },
  "resources": [
    {
      "mode": "data",
      "type": "oci_identity_availability_domains",
      "name": "ads",
      "provider": "provider[\"registry.terraform.io/hashicorp/oci\"]",
      "instances": [
        {
          "schema_version": 0,
          "attributes": {
            "availability_domains": [
              {
                "compartment_id": "ocid1.compartment.oc1..aaaaaaaa7v3lrjkesg266yefxopivj23d6jcnnzoriz7juqjtvzkl75wgbaq",
                "id": "ocid1.availabilitydomain.oc1..aaaaaaaay5nesbty7quxigdwtp7axotkcglzi43jvfrnwvbv4dgjerqwxf5a",
                "name": "kfhe:SA-SAOPAULO-1-AD-1"
              }
            ],
            "compartment_id": "ocid1.compartment.oc1..aaaaaaaa7v3lrjkesg266yefxopivj23d6jcnnzoriz7juqjtvzkl75wgbaq",
            "filter": null,
            "id": "IdentityAvailabilityDomainsDataSource-3799475171"
          },
          "sensitive_attributes": []
        }
      ]
    },
    {
      "mode": "managed",
      "type": "oci_artifacts_container_repository",
      "name": "vau_ms_auth_repo",
      "provider": "provider[\"registry.terraform.io/hashicorp/oci\"]",
      "instances": [
        {
          "schema_version": 0,
          "attributes": {
            "billable_size_in_gbs": "0",
            "compartment_id": "ocid1.compartment.oc1..aaaaaaaa7v3lrjkesg266yefxopivj23d6jcnnzoriz7juqjtvzkl75wgbaq",
            "created_by": "ocid1.user.oc1..aaaaaaaawf2koq7qwkhdcnjkms4plr73xxgo53d2a7vxdbrmjq4fafegsuea",
            "defined_tags": {},
            "display_name": "vau-ms-auth",
            "freeform_tags": {},
            "id": "ocid1.containerrepo.oc1.sa-saopaulo-1.0.grgdwmz4vaot.aaaaaaaanbtdyu4tzxbsnbhgm7jmvuretjidqztq4szk3aiybk7veu6oxp2a",
            "image_count": 0,
            "is_immutable": false,
            "is_public": true,
            "layer_count": 0,
            "layers_size_in_bytes": "0",
            "namespace": "grgdwmz4vaot",
            "readme": [],
            "state": "AVAILABLE",
            "system_tags": {},
            "time_created": "2024-06-06 16:25:16.643 +0000 UTC",
            "time_last_pushed": null,
            "timeouts": null
          },
          "sensitive_attributes": [],
          "private": "eyJlMmJmYjczMC1lY2FhLTExZTYtOGY4OC0zNDM2M2JjN2M0YzAiOnsiY3JlYXRlIjoxMjAwMDAwMDAwMDAwLCJkZWxldGUiOjEyMDAwMDAwMDAwMDAsInVwZGF0ZSI6MTIwMDAwMDAwMDAwMH19",
          "dependencies": [
            "oci_identity_compartment.vau-compartment"
          ]
        }
      ]
    },
    {
      "mode": "managed",
      "type": "oci_artifacts_container_repository",
      "name": "vau_ms_video_repo",
      "provider": "provider[\"registry.terraform.io/hashicorp/oci\"]",
      "instances": [
        {
          "schema_version": 0,
          "attributes": {
            "billable_size_in_gbs": "0",
            "compartment_id": "ocid1.compartment.oc1..aaaaaaaa7v3lrjkesg266yefxopivj23d6jcnnzoriz7juqjtvzkl75wgbaq",
            "created_by": "ocid1.user.oc1..aaaaaaaawf2koq7qwkhdcnjkms4plr73xxgo53d2a7vxdbrmjq4fafegsuea",
            "defined_tags": {},
            "display_name": "vau-ms-video",
            "freeform_tags": {},
            "id": "ocid1.containerrepo.oc1.sa-saopaulo-1.0.grgdwmz4vaot.aaaaaaaaxx65mzdamahkbg7ceti7lnppf6liv5ydwhbzshq2tfh65nicwktq",
            "image_count": 0,
            "is_immutable": false,
            "is_public": true,
            "layer_count": 0,
            "layers_size_in_bytes": "0",
            "namespace": "grgdwmz4vaot",
            "readme": [],
            "state": "AVAILABLE",
            "system_tags": {},
            "time_created": "2024-06-06 16:14:43.762 +0000 UTC",
            "time_last_pushed": null,
            "timeouts": null
          },
          "sensitive_attributes": [],
          "private": "eyJlMmJmYjczMC1lY2FhLTExZTYtOGY4OC0zNDM2M2JjN2M0YzAiOnsiY3JlYXRlIjoxMjAwMDAwMDAwMDAwLCJkZWxldGUiOjEyMDAwMDAwMDAwMDAsInVwZGF0ZSI6MTIwMDAwMDAwMDAwMH19",
          "dependencies": [
            "oci_identity_compartment.vau-compartment"
          ]
        }
      ]
    },
    {
      "mode": "managed",
      "type": "oci_core_instance",
      "name": "vau_ms_campaigns_instance",
      "provider": "provider[\"registry.terraform.io/hashicorp/oci\"]",
      "instances": [
        {
          "schema_version": 0,
          "attributes": {
            "agent_config": [
              {
                "are_all_plugins_disabled": false,
                "is_management_disabled": false,
                "is_monitoring_disabled": false,
                "plugins_config": []
              }
            ],
            "async": null,
            "availability_config": [
              {
                "is_live_migration_preferred": false,
                "recovery_action": "RESTORE_INSTANCE"
              }
            ],
            "availability_domain": "kfhe:SA-SAOPAULO-1-AD-1",
            "boot_volume_id": "ocid1.bootvolume.oc1.sa-saopaulo-1.abtxeljryjnb622wguwwmyvlepbqueoiv7ifeu7h6z4kzl7xy47mvajis4dq",
            "capacity_reservation_id": null,
            "cluster_placement_group_id": null,
            "compartment_id": "ocid1.compartment.oc1..aaaaaaaa7v3lrjkesg266yefxopivj23d6jcnnzoriz7juqjtvzkl75wgbaq",
            "compute_cluster_id": null,
            "create_vnic_details": [
              {
                "assign_ipv6ip": false,
                "assign_private_dns_record": false,
                "assign_public_ip": "true",
                "defined_tags": {
                  "Oracle-Tags.CreatedBy": "default/tabarebermudez@gmail.com",
                  "Oracle-Tags.CreatedOn": "2024-06-17T16:20:46.519Z"
                },
                "display_name": "vau-ms-campaigns-instance",
                "freeform_tags": {},
                "hostname_label": "",
                "ipv6address_ipv6subnet_cidr_pair_details": [],
                "nsg_ids": [],
                "private_ip": "10.0.0.137",
                "skip_source_dest_check": false,
                "subnet_id": "ocid1.subnet.oc1.sa-saopaulo-1.aaaaaaaa2pm6dvxxs5f3wwyur2jdfpcntyj4mswi6eozc723s5zrddeolczq",
                "vlan_id": ""
              }
            ],
            "dedicated_vm_host_id": null,
            "defined_tags": {
              "Oracle-Tags.CreatedBy": "default/tabarebermudez@gmail.com",
              "Oracle-Tags.CreatedOn": "2024-06-17T16:20:46.358Z"
            },
            "display_name": "vau-ms-campaigns-instance",
            "extended_metadata": {},
            "fault_domain": "FAULT-DOMAIN-3",
            "freeform_tags": {},
            "hostname_label": "",
            "id": "ocid1.instance.oc1.sa-saopaulo-1.antxeljri6xectacem3gtaopb4csd4l6xsdthkikamou6lgcfmsgimyhnaja",
            "image": "ocid1.image.oc1.sa-saopaulo-1.aaaaaaaaxkrwo2fm3qy3jtw4k6k2rsf5frjsfc4es6mr4dejtuerrg3opn7a",
            "instance_configuration_id": null,
            "instance_options": [
              {
                "are_legacy_imds_endpoints_disabled": false
              }
            ],
            "ipxe_script": null,
            "is_cross_numa_node": false,
            "is_pv_encryption_in_transit_enabled": null,
            "launch_mode": "PARAVIRTUALIZED",
            "launch_options": [
              {
                "boot_volume_type": "PARAVIRTUALIZED",
                "firmware": "UEFI_64",
                "is_consistent_volume_naming_enabled": true,
                "is_pv_encryption_in_transit_enabled": false,
                "network_type": "PARAVIRTUALIZED",
                "remote_data_volume_type": "PARAVIRTUALIZED"
              }
            ],
            "launch_volume_attachments": [],
            "metadata": {
              "ssh_authorized_keys": "ssh-rsa AAAAB3NzaC1yc2EAAAADAQABAAABAQDbFwXnv6Ns2MECcSBKORO0hifDVhhcIODeawgHLpIcF825VSthGJ7LTELFqseoxr4OB3jZU/QeENKjw1Z/v4A/DozpDQGG3cCN6Ml+3VQwionTVJ9355/QyVDb4AxsT0LpTp5v74kKHNOCCwWadESgNvOyWMnqEif0AWnuF8hSZZ77Xq1gRojy3sqEFM5QIKa7lAHIUL1IZtiDLnA3l60+3Lpiyve65jH1WyIAjaYr2ON0vSWo2DPt4bn3gemTHjdQiwY5ZxQgiPnAfQMV0NHIhNf8hrqG9V4nJbpn8At6QVgqBHVLsRBukAVOtu7IqN1VkQ6apR13zva/Hqf8gJCR tabare@DESKTOP-1SLHCNS\r\n"
            },
            "platform_config": [],
            "preemptible_instance_config": [],
            "preserve_boot_volume": null,
            "preserve_data_volumes_created_at_launch": null,
            "private_ip": "10.0.0.137",
            "public_ip": "164.152.37.99",
            "region": "sa-saopaulo-1",
            "shape": "VM.Standard.E2.1.Micro",
            "shape_config": [
              {
                "baseline_ocpu_utilization": "",
                "gpu_description": "",
                "gpus": 0,
                "local_disk_description": "",
                "local_disks": 0,
                "local_disks_total_size_in_gbs": 0,
                "max_vnic_attachments": 1,
                "memory_in_gbs": 1,
                "networking_bandwidth_in_gbps": 0.47999998927116394,
                "nvmes": 0,
                "ocpus": 1,
                "processor_description": "2.0 GHz AMD EPYC™ 7551 (Naples)",
                "vcpus": 2
              }
            ],
            "source_details": [
              {
                "boot_volume_size_in_gbs": "47",
                "boot_volume_vpus_per_gb": "10",
                "instance_source_image_filter_details": [],
                "is_preserve_boot_volume_enabled": false,
                "kms_key_id": "",
                "source_id": "ocid1.image.oc1.sa-saopaulo-1.aaaaaaaaxkrwo2fm3qy3jtw4k6k2rsf5frjsfc4es6mr4dejtuerrg3opn7a",
                "source_type": "image"
              }
            ],
            "state": "STOPPED",
            "subnet_id": "ocid1.subnet.oc1.sa-saopaulo-1.aaaaaaaa2pm6dvxxs5f3wwyur2jdfpcntyj4mswi6eozc723s5zrddeolczq",
            "system_tags": {
              "orcl-cloud.free-tier-retained": "true"
            },
            "time_created": "2024-06-17 16:20:46.941 +0000 UTC",
            "time_maintenance_reboot_due": "",
            "timeouts": null,
            "update_operation_constraint": null
          },
          "sensitive_attributes": [],
          "private": "eyJlMmJmYjczMC1lY2FhLTExZTYtOGY4OC0zNDM2M2JjN2M0YzAiOnsiY3JlYXRlIjoyNzAwMDAwMDAwMDAwLCJkZWxldGUiOjQ1MDAwMDAwMDAwMDAsInVwZGF0ZSI6MjcwMDAwMDAwMDAwMH19",
          "dependencies": [
            "data.oci_identity_availability_domains.ads",
            "module.vcn.module.drg_from_vcn_module.oci_core_drg.drg",
            "module.vcn.oci_core_internet_gateway.ig",
            "module.vcn.oci_core_route_table.ig",
            "module.vcn.oci_core_vcn.vcn",
            "oci_core_security_list.public-security-list",
            "oci_core_subnet.vcn-public-subnet",
            "oci_identity_compartment.vau-compartment"
          ]
        }
      ]
    },
    {
      "mode": "managed",
      "type": "oci_core_security_list",
      "name": "private-security-list",
      "provider": "provider[\"registry.terraform.io/hashicorp/oci\"]",
      "instances": [
        {
          "schema_version": 0,
          "attributes": {
            "compartment_id": "ocid1.compartment.oc1..aaaaaaaa7v3lrjkesg266yefxopivj23d6jcnnzoriz7juqjtvzkl75wgbaq",
            "defined_tags": {
              "Oracle-Tags.CreatedBy": "default/tabarebermudez@gmail.com",
              "Oracle-Tags.CreatedOn": "2024-06-06T16:14:44.403Z"
            },
            "display_name": "vau-security-list-for-private-subnet",
            "egress_security_rules": [
              {
                "description": "",
                "destination": "0.0.0.0/0",
                "destination_type": "CIDR_BLOCK",
                "icmp_options": [],
                "protocol": "all",
                "stateless": false,
                "tcp_options": [],
                "udp_options": []
              }
            ],
            "freeform_tags": {},
            "id": "ocid1.securitylist.oc1.sa-saopaulo-1.aaaaaaaajgwcgfdmiuzbnsudtyxjjrzvwcvdwzble4vz5rqzde34vpvfo5ia",
            "ingress_security_rules": [
              {
                "description": "",
                "icmp_options": [
                  {
                    "code": -1,
                    "type": 3
                  }
                ],
                "protocol": "1",
                "source": "10.0.0.0/16",
                "source_type": "CIDR_BLOCK",
                "stateless": false,
                "tcp_options": [],
                "udp_options": []
              },
              {
                "description": "",
                "icmp_options": [
                  {
                    "code": 4,
                    "type": 3
                  }
                ],
                "protocol": "1",
                "source": "0.0.0.0/0",
                "source_type": "CIDR_BLOCK",
                "stateless": false,
                "tcp_options": [],
                "udp_options": []
              },
              {
                "description": "",
                "icmp_options": [],
                "protocol": "6",
                "source": "10.0.0.0/16",
                "source_type": "CIDR_BLOCK",
                "stateless": false,
                "tcp_options": [
                  {
                    "max": 22,
                    "min": 22,
                    "source_port_range": []
                  }
                ],
                "udp_options": []
              }
            ],
            "state": "AVAILABLE",
            "time_created": "2024-06-06 16:14:44.458 +0000 UTC",
            "timeouts": null,
            "vcn_id": "ocid1.vcn.oc1.sa-saopaulo-1.amaaaaaai6xectaatt4adlfz5odvtc55wb32rczdgqocz6bloehfxwc4lqoa"
          },
          "sensitive_attributes": [],
          "private": "eyJlMmJmYjczMC1lY2FhLTExZTYtOGY4OC0zNDM2M2JjN2M0YzAiOnsiY3JlYXRlIjoxMjAwMDAwMDAwMDAwLCJkZWxldGUiOjEyMDAwMDAwMDAwMDAsInVwZGF0ZSI6MTIwMDAwMDAwMDAwMH19",
          "dependencies": [
            "module.vcn.oci_core_vcn.vcn",
            "oci_identity_compartment.vau-compartment"
          ]
        }
      ]
    },
    {
      "mode": "managed",
      "type": "oci_core_security_list",
      "name": "public-security-list",
      "provider": "provider[\"registry.terraform.io/hashicorp/oci\"]",
      "instances": [
        {
          "schema_version": 0,
          "attributes": {
            "compartment_id": "ocid1.compartment.oc1..aaaaaaaa7v3lrjkesg266yefxopivj23d6jcnnzoriz7juqjtvzkl75wgbaq",
            "defined_tags": {
              "Oracle-Tags.CreatedBy": "default/tabarebermudez@gmail.com",
              "Oracle-Tags.CreatedOn": "2024-06-06T16:14:44.340Z"
            },
            "display_name": "vau-security-list-for-public-subnet",
            "egress_security_rules": [
              {
                "description": "",
                "destination": "0.0.0.0/0",
                "destination_type": "CIDR_BLOCK",
                "icmp_options": [],
                "protocol": "all",
                "stateless": false,
                "tcp_options": [],
                "udp_options": []
              }
            ],
            "freeform_tags": {},
            "id": "ocid1.securitylist.oc1.sa-saopaulo-1.aaaaaaaaahykcrd6377kmtu52k5d74juk7mj3vx5fsxxe5irlwx7alcpzkfq",
            "ingress_security_rules": [
              {
                "description": "",
                "icmp_options": [
                  {
                    "code": -1,
                    "type": 3
                  }
                ],
                "protocol": "1",
                "source": "10.0.0.0/16",
                "source_type": "CIDR_BLOCK",
                "stateless": false,
                "tcp_options": [],
                "udp_options": []
              },
              {
                "description": "",
                "icmp_options": [
                  {
                    "code": 4,
                    "type": 3
                  }
                ],
                "protocol": "1",
                "source": "0.0.0.0/0",
                "source_type": "CIDR_BLOCK",
                "stateless": false,
                "tcp_options": [],
                "udp_options": []
              },
              {
                "description": "",
                "icmp_options": [],
                "protocol": "6",
                "source": "0.0.0.0/0",
                "source_type": "CIDR_BLOCK",
                "stateless": false,
                "tcp_options": [
                  {
                    "max": 22,
                    "min": 22,
                    "source_port_range": []
                  }
                ],
                "udp_options": []
              }
            ],
            "state": "AVAILABLE",
            "time_created": "2024-06-06 16:14:44.368 +0000 UTC",
            "timeouts": null,
            "vcn_id": "ocid1.vcn.oc1.sa-saopaulo-1.amaaaaaai6xectaatt4adlfz5odvtc55wb32rczdgqocz6bloehfxwc4lqoa"
          },
          "sensitive_attributes": [],
          "private": "eyJlMmJmYjczMC1lY2FhLTExZTYtOGY4OC0zNDM2M2JjN2M0YzAiOnsiY3JlYXRlIjoxMjAwMDAwMDAwMDAwLCJkZWxldGUiOjEyMDAwMDAwMDAwMDAsInVwZGF0ZSI6MTIwMDAwMDAwMDAwMH19",
          "dependencies": [
            "module.vcn.oci_core_vcn.vcn",
            "oci_identity_compartment.vau-compartment"
          ]
        }
      ]
    },
    {
      "mode": "managed",
      "type": "oci_core_subnet",
      "name": "vcn-private-subnet",
      "provider": "provider[\"registry.terraform.io/hashicorp/oci\"]",
      "instances": [
        {
          "schema_version": 0,
          "attributes": {
            "availability_domain": null,
            "cidr_block": "10.0.1.0/24",
            "compartment_id": "ocid1.compartment.oc1..aaaaaaaa7v3lrjkesg266yefxopivj23d6jcnnzoriz7juqjtvzkl75wgbaq",
            "defined_tags": {
              "Oracle-Tags.CreatedBy": "default/tabarebermudez@gmail.com",
              "Oracle-Tags.CreatedOn": "2024-06-06T16:14:47.773Z"
            },
            "dhcp_options_id": "ocid1.dhcpoptions.oc1.sa-saopaulo-1.aaaaaaaafjv6unykd26nhelfehyhkw2yjwhobgsmgpmxxuenlnczwodm2rrq",
            "display_name": "vau-private-subnet",
            "dns_label": null,
            "freeform_tags": {},
            "id": "ocid1.subnet.oc1.sa-saopaulo-1.aaaaaaaagzm4z47zw3hzijkff77alrazqek7j5z3ponhyu3qdtruetqk7rha",
            "ipv6cidr_block": null,
            "ipv6cidr_blocks": [],
            "ipv6virtual_router_ip": null,
            "prohibit_internet_ingress": false,
            "prohibit_public_ip_on_vnic": false,
            "route_table_id": "ocid1.routetable.oc1.sa-saopaulo-1.aaaaaaaafwzl5pp3qm473vihsie4mbcpzk44flniteh5klbuq6ye7kjvhi2a",
            "security_list_ids": [
              "ocid1.securitylist.oc1.sa-saopaulo-1.aaaaaaaajgwcgfdmiuzbnsudtyxjjrzvwcvdwzble4vz5rqzde34vpvfo5ia"
            ],
            "state": "AVAILABLE",
            "subnet_domain_name": null,
            "time_created": "2024-06-06 16:14:47.822 +0000 UTC",
            "timeouts": null,
            "vcn_id": "ocid1.vcn.oc1.sa-saopaulo-1.amaaaaaai6xectaatt4adlfz5odvtc55wb32rczdgqocz6bloehfxwc4lqoa",
            "virtual_router_ip": "10.0.1.1",
            "virtual_router_mac": "00:00:17:22:8E:79"
          },
          "sensitive_attributes": [],
          "private": "eyJlMmJmYjczMC1lY2FhLTExZTYtOGY4OC0zNDM2M2JjN2M0YzAiOnsiY3JlYXRlIjoxMjAwMDAwMDAwMDAwLCJkZWxldGUiOjEyMDAwMDAwMDAwMDAsInVwZGF0ZSI6MTIwMDAwMDAwMDAwMH19",
          "dependencies": [
            "module.vcn.data.oci_core_services.all_oci_services",
            "module.vcn.module.drg_from_vcn_module.oci_core_drg.drg",
            "module.vcn.oci_core_nat_gateway.nat_gateway",
            "module.vcn.oci_core_route_table.nat",
            "module.vcn.oci_core_service_gateway.service_gateway",
            "module.vcn.oci_core_vcn.vcn",
            "oci_core_security_list.private-security-list",
            "oci_identity_compartment.vau-compartment"
          ]
        }
      ]
    },
    {
      "mode": "managed",
      "type": "oci_core_subnet",
      "name": "vcn-public-subnet",
      "provider": "provider[\"registry.terraform.io/hashicorp/oci\"]",
      "instances": [
        {
          "schema_version": 0,
          "attributes": {
            "availability_domain": null,
            "cidr_block": "10.0.0.0/24",
            "compartment_id": "ocid1.compartment.oc1..aaaaaaaa7v3lrjkesg266yefxopivj23d6jcnnzoriz7juqjtvzkl75wgbaq",
            "defined_tags": {
              "Oracle-Tags.CreatedBy": "default/tabarebermudez@gmail.com",
              "Oracle-Tags.CreatedOn": "2024-06-06T16:14:45.290Z"
            },
            "dhcp_options_id": "ocid1.dhcpoptions.oc1.sa-saopaulo-1.aaaaaaaafjv6unykd26nhelfehyhkw2yjwhobgsmgpmxxuenlnczwodm2rrq",
            "display_name": "vau-public-subnet",
            "dns_label": null,
            "freeform_tags": {},
            "id": "ocid1.subnet.oc1.sa-saopaulo-1.aaaaaaaa2pm6dvxxs5f3wwyur2jdfpcntyj4mswi6eozc723s5zrddeolczq",
            "ipv6cidr_block": null,
            "ipv6cidr_blocks": [],
            "ipv6virtual_router_ip": null,
            "prohibit_internet_ingress": false,
            "prohibit_public_ip_on_vnic": false,
            "route_table_id": "ocid1.routetable.oc1.sa-saopaulo-1.aaaaaaaaiuj3n3bdukvvqmmgednad3g46enjg27w2iawdvit5dnqamv7jgpa",
            "security_list_ids": [
              "ocid1.securitylist.oc1.sa-saopaulo-1.aaaaaaaaahykcrd6377kmtu52k5d74juk7mj3vx5fsxxe5irlwx7alcpzkfq"
            ],
            "state": "AVAILABLE",
            "subnet_domain_name": null,
            "time_created": "2024-06-06 16:14:45.326 +0000 UTC",
            "timeouts": null,
            "vcn_id": "ocid1.vcn.oc1.sa-saopaulo-1.amaaaaaai6xectaatt4adlfz5odvtc55wb32rczdgqocz6bloehfxwc4lqoa",
            "virtual_router_ip": "10.0.0.1",
            "virtual_router_mac": "00:00:17:22:8E:79"
          },
          "sensitive_attributes": [],
          "private": "eyJlMmJmYjczMC1lY2FhLTExZTYtOGY4OC0zNDM2M2JjN2M0YzAiOnsiY3JlYXRlIjoxMjAwMDAwMDAwMDAwLCJkZWxldGUiOjEyMDAwMDAwMDAwMDAsInVwZGF0ZSI6MTIwMDAwMDAwMDAwMH19",
          "dependencies": [
            "module.vcn.module.drg_from_vcn_module.oci_core_drg.drg",
            "module.vcn.oci_core_internet_gateway.ig",
            "module.vcn.oci_core_route_table.ig",
            "module.vcn.oci_core_vcn.vcn",
            "oci_core_security_list.public-security-list",
            "oci_identity_compartment.vau-compartment"
          ]
        }
      ]
    },
    {
      "mode": "managed",
      "type": "oci_database_autonomous_database",
      "name": "test_autonomous_database",
      "provider": "provider[\"registry.terraform.io/hashicorp/oci\"]",
      "instances": [
        {
          "schema_version": 0,
          "attributes": {
            "actual_used_data_storage_size_in_tbs": 0.004359066486358643,
            "admin_password": "l4k5joi43j25l432k5GS",
            "allocated_storage_size_in_tbs": 0.0078125,
            "apex_details": [
              {
                "apex_version": "24.1.0",
                "ords_version": "24.1.1.120.1228"
              }
            ],
            "are_primary_whitelisted_ips_used": null,
            "auto_refresh_frequency_in_seconds": null,
            "auto_refresh_point_lag_in_seconds": null,
            "autonomous_container_database_id": null,
            "autonomous_database_backup_id": null,
            "autonomous_database_id": null,
            "autonomous_maintenance_schedule_type": "REGULAR",
            "available_upgrade_versions": [],
            "backup_config": [
              {
                "manual_backup_bucket_name": "",
                "manual_backup_type": "NONE"
              }
            ],
            "backup_retention_period_in_days": 60,
            "character_set": "AL32UTF8",
            "clone_type": null,
            "compartment_id": "ocid1.compartment.oc1..aaaaaaaa7v3lrjkesg266yefxopivj23d6jcnnzoriz7juqjtvzkl75wgbaq",
            "compute_count": 1,
            "compute_model": "ECPU",
            "connection_strings": [
              {
                "all_connection_strings": {
                  "HIGH": "adb.sa-saopaulo-1.oraclecloud.com:1522/g3cce931b01ddad_vautest_high.adb.oraclecloud.com",
                  "LOW": "adb.sa-saopaulo-1.oraclecloud.com:1522/g3cce931b01ddad_vautest_low.adb.oraclecloud.com",
                  "MEDIUM": "adb.sa-saopaulo-1.oraclecloud.com:1522/g3cce931b01ddad_vautest_medium.adb.oraclecloud.com"
                },
                "dedicated": "",
                "high": "adb.sa-saopaulo-1.oraclecloud.com:1522/g3cce931b01ddad_vautest_high.adb.oraclecloud.com",
                "low": "adb.sa-saopaulo-1.oraclecloud.com:1522/g3cce931b01ddad_vautest_low.adb.oraclecloud.com",
                "medium": "adb.sa-saopaulo-1.oraclecloud.com:1522/g3cce931b01ddad_vautest_medium.adb.oraclecloud.com",
                "profiles": [
                  {
                    "consumer_group": "HIGH",
                    "display_name": "vautest_high",
                    "host_format": "FQDN",
                    "is_regional": false,
                    "protocol": "TCPS",
                    "session_mode": "DIRECT",
                    "syntax_format": "LONG",
                    "tls_authentication": "SERVER",
                    "value": "(description= (retry_count=20)(retry_delay=3)(address=(protocol=tcps)(port=1521)(host=adb.sa-saopaulo-1.oraclecloud.com))(connect_data=(service_name=g3cce931b01ddad_vautest_high.adb.oraclecloud.com))(security=(ssl_server_dn_match=yes)))"
                  },
                  {
                    "consumer_group": "LOW",
                    "display_name": "vautest_low",
                    "host_format": "FQDN",
                    "is_regional": false,
                    "protocol": "TCPS",
                    "session_mode": "DIRECT",
                    "syntax_format": "LONG",
                    "tls_authentication": "SERVER",
                    "value": "(description= (retry_count=20)(retry_delay=3)(address=(protocol=tcps)(port=1521)(host=adb.sa-saopaulo-1.oraclecloud.com))(connect_data=(service_name=g3cce931b01ddad_vautest_low.adb.oraclecloud.com))(security=(ssl_server_dn_match=yes)))"
                  },
                  {
                    "consumer_group": "MEDIUM",
                    "display_name": "vautest_medium",
                    "host_format": "FQDN",
                    "is_regional": false,
                    "protocol": "TCPS",
                    "session_mode": "DIRECT",
                    "syntax_format": "LONG",
                    "tls_authentication": "SERVER",
                    "value": "(description= (retry_count=20)(retry_delay=3)(address=(protocol=tcps)(port=1521)(host=adb.sa-saopaulo-1.oraclecloud.com))(connect_data=(service_name=g3cce931b01ddad_vautest_medium.adb.oraclecloud.com))(security=(ssl_server_dn_match=yes)))"
                  },
                  {
                    "consumer_group": "HIGH",
                    "display_name": "vautest_high",
                    "host_format": "FQDN",
                    "is_regional": false,
                    "protocol": "TCPS",
                    "session_mode": "DIRECT",
                    "syntax_format": "LONG",
                    "tls_authentication": "MUTUAL",
                    "value": "(description= (retry_count=20)(retry_delay=3)(address=(protocol=tcps)(port=1522)(host=adb.sa-saopaulo-1.oraclecloud.com))(connect_data=(service_name=g3cce931b01ddad_vautest_high.adb.oraclecloud.com))(security=(ssl_server_dn_match=yes)))"
                  },
                  {
                    "consumer_group": "LOW",
                    "display_name": "vautest_low",
                    "host_format": "FQDN",
                    "is_regional": false,
                    "protocol": "TCPS",
                    "session_mode": "DIRECT",
                    "syntax_format": "LONG",
                    "tls_authentication": "MUTUAL",
                    "value": "(description= (retry_count=20)(retry_delay=3)(address=(protocol=tcps)(port=1522)(host=adb.sa-saopaulo-1.oraclecloud.com))(connect_data=(service_name=g3cce931b01ddad_vautest_low.adb.oraclecloud.com))(security=(ssl_server_dn_match=yes)))"
                  },
                  {
                    "consumer_group": "MEDIUM",
                    "display_name": "vautest_medium",
                    "host_format": "FQDN",
                    "is_regional": false,
                    "protocol": "TCPS",
                    "session_mode": "DIRECT",
                    "syntax_format": "LONG",
                    "tls_authentication": "MUTUAL",
                    "value": "(description= (retry_count=20)(retry_delay=3)(address=(protocol=tcps)(port=1522)(host=adb.sa-saopaulo-1.oraclecloud.com))(connect_data=(service_name=g3cce931b01ddad_vautest_medium.adb.oraclecloud.com))(security=(ssl_server_dn_match=yes)))"
                  }
                ]
              }
            ],
            "connection_urls": [
              {
                "apex_url": "https://G3CCE931B01DDAD-VAUTEST.adb.sa-saopaulo-1.oraclecloudapps.com/ords/apex",
                "database_transforms_url": "https://G3CCE931B01DDAD-VAUTEST.adb.sa-saopaulo-1.oraclecloudapps.com/odi/",
                "graph_studio_url": "https://G3CCE931B01DDAD-VAUTEST.adb.sa-saopaulo-1.oraclecloudapps.com/graphstudio/",
                "machine_learning_notebook_url": "https://G3CCE931B01DDAD-VAUTEST.adb.sa-saopaulo-1.oraclecloudapps.com/oml/",
                "machine_learning_user_management_url": "https://G3CCE931B01DDAD-VAUTEST.adb.sa-saopaulo-1.oraclecloudapps.com/omlusers/",
                "mongo_db_url": "mongodb://[user:password@]G3CCE931B01DDAD-VAUTEST.adb.sa-saopaulo-1.oraclecloudapps.com:27017/[user]?authMechanism=PLAIN\u0026authSource=$external\u0026ssl=true\u0026retryWrites=false\u0026loadBalanced=true",
                "ords_url": "https://G3CCE931B01DDAD-VAUTEST.adb.sa-saopaulo-1.oraclecloudapps.com/ords/",
                "sql_dev_web_url": "https://G3CCE931B01DDAD-VAUTEST.adb.sa-saopaulo-1.oraclecloudapps.com/ords/sql-developer"
              }
            ],
            "cpu_core_count": 0,
            "customer_contacts": [
              {
                "email": "tabarebermudez@gmail.com"
              }
            ],
            "data_safe_status": "NOT_REGISTERED",
            "data_storage_size_in_gb": 20,
            "data_storage_size_in_tbs": 1,
            "database_edition": "",
            "database_management_status": "",
            "dataguard_region_type": "",
            "db_name": "vautest",
            "db_tools_details": [
              {
                "compute_count": 0,
                "is_enabled": true,
                "max_idle_time_in_minutes": 0,
                "name": "APEX"
              },
              {
                "compute_count": 2,
                "is_enabled": true,
                "max_idle_time_in_minutes": 10,
                "name": "DATA_TRANSFORMS"
              },
              {
                "compute_count": 0,
                "is_enabled": true,
                "max_idle_time_in_minutes": 0,
                "name": "DATABASE_ACTIONS"
              },
              {
                "compute_count": 2,
                "is_enabled": true,
                "max_idle_time_in_minutes": 240,
                "name": "GRAPH_STUDIO"
              },
              {
                "compute_count": 0,
                "is_enabled": true,
                "max_idle_time_in_minutes": 0,
                "name": "MONGODB_API"
              },
              {
                "compute_count": 2,
                "is_enabled": true,
                "max_idle_time_in_minutes": 60,
                "name": "OML"
              },
              {
                "compute_count": 0,
                "is_enabled": true,
                "max_idle_time_in_minutes": 0,
                "name": "ORDS"
              }
            ],
            "db_version": "19c",
            "db_workload": "DW",
            "defined_tags": {
              "Oracle-Tags.CreatedBy": "default/tabarebermudez@gmail.com",
              "Oracle-Tags.CreatedOn": "2024-06-18T12:31:20.235Z"
            },
            "disaster_recovery_region_type": "",
            "display_name": "KNVLNPKBGA5S10NC",
            "failed_data_recovery_in_seconds": null,
            "freeform_tags": {},
            "id": "ocid1.autonomousdatabase.oc1.sa-saopaulo-1.antxeljri6xectaaqjurfdbb6rrrv4gwsvs2wratrvo4qpikuanve4gw3u4a",
            "in_memory_area_in_gbs": null,
            "in_memory_percentage": null,
            "infrastructure_type": "",
            "is_access_control_enabled": null,
            "is_auto_scaling_enabled": false,
            "is_auto_scaling_for_storage_enabled": false,
            "is_data_guard_enabled": false,
            "is_dedicated": false,
            "is_dev_tier": null,
            "is_free_tier": true,
            "is_local_data_guard_enabled": false,
            "is_mtls_connection_required": false,
            "is_preview": false,
            "is_preview_version_with_service_terms_accepted": null,
            "is_reconnect_clone_enabled": false,
            "is_refreshable_clone": null,
            "is_remote_data_guard_enabled": false,
            "is_replicate_automatic_backups": null,
            "is_shrink_only": null,
            "key_history_entry": [
              {
                "id": "ORACLE_MANAGED_KEY",
                "kms_key_version_id": "",
                "time_activated": "2024-06-18 12:34:13.808 +0000 UTC",
                "vault_id": ""
              }
            ],
            "key_store_id": null,
            "key_store_wallet_name": null,
            "kms_key_id": "ORACLE_MANAGED_KEY",
            "kms_key_lifecycle_details": null,
            "kms_key_version_id": null,
            "license_model": "LICENSE_INCLUDED",
            "lifecycle_details": null,
            "local_adg_auto_failover_max_data_loss_limit": null,
            "local_disaster_recovery_type": "",
            "local_standby_db": [],
            "long_term_backup_schedule": [],
            "max_cpu_core_count": null,
            "memory_per_oracle_compute_unit_in_gbs": null,
            "ncharacter_set": "AL16UTF16",
            "net_services_architecture": "",
            "next_long_term_backup_time_stamp": null,
            "nsg_ids": [],
            "ocpu_count": null,
            "open_mode": "READ_WRITE",
            "operations_insights_status": "NOT_ENABLED",
            "peer_db_ids": [],
            "permission_level": "UNRESTRICTED",
            "private_endpoint": null,
            "private_endpoint_ip": null,
            "private_endpoint_label": null,
            "provisionable_cpus": [],
            "refreshable_mode": null,
            "refreshable_status": "",
            "remote_disaster_recovery_configuration": [],
            "remote_disaster_recovery_type": null,
            "resource_pool_leader_id": null,
            "resource_pool_summary": [
              {
                "is_disabled": true,
                "pool_size": 0
              }
            ],
            "role": "",
            "rotate_key_trigger": null,
            "scheduled_operations": [],
            "secret_id": null,
            "secret_version_number": null,
            "service_console_url": null,
            "shrink_adb_trigger": null,
            "source": null,
            "source_id": null,
            "standby_db": [],
            "standby_whitelisted_ips": [],
            "state": "AVAILABLE",
            "subnet_id": null,
            "supported_regions_to_clone_to": [
              "IAD",
              "SCL",
              "VCP"
            ],
            "switchover_to": null,
            "switchover_to_remote_peer_id": null,
            "system_tags": {
              "orcl-cloud.free-tier-retained": "true"
            },
            "time_created": "2024-06-18 12:31:20.251 +0000 UTC",
            "time_data_guard_role_changed": null,
            "time_deletion_of_free_autonomous_database": null,
            "time_disaster_recovery_role_changed": null,
            "time_local_data_guard_enabled": null,
            "time_maintenance_begin": "2024-06-22 03:00:00 +0000 UTC",
            "time_maintenance_end": "2024-06-22 05:00:00 +0000 UTC",
            "time_of_auto_refresh_start": null,
            "time_of_joining_resource_pool": null,
            "time_of_last_failover": null,
            "time_of_last_refresh": null,
            "time_of_last_refresh_point": null,
            "time_of_last_switchover": null,
            "time_of_next_refresh": null,
            "time_reclamation_of_free_autonomous_database": "2024-06-28 12:26:10.353 +0000 UTC",
            "time_until_reconnect_clone_enabled": null,
            "timeouts": null,
            "timestamp": null,
            "total_backup_storage_size_in_gbs": 5,
            "use_latest_available_backup_time_stamp": null,
            "used_data_storage_size_in_gbs": null,
            "used_data_storage_size_in_tbs": null,
            "vault_id": null,
            "whitelisted_ips": [
              "0.0.0.0/0"
            ]
          },
          "sensitive_attributes": [
            [
              {
                "type": "get_attr",
                "value": "admin_password"
              }
            ]
          ],
          "private": "eyJlMmJmYjczMC1lY2FhLTExZTYtOGY4OC0zNDM2M2JjN2M0YzAiOnsiY3JlYXRlIjo0MzIwMDAwMDAwMDAwMCwiZGVsZXRlIjo0MzIwMDAwMDAwMDAwMCwidXBkYXRlIjo0MzIwMDAwMDAwMDAwMH19",
          "dependencies": [
            "oci_identity_compartment.vau-compartment"
          ]
        }
      ]
    },
    {
      "mode": "managed",
      "type": "oci_identity_compartment",
      "name": "vau-compartment",
      "provider": "provider[\"registry.terraform.io/hashicorp/oci\"]",
      "instances": [
        {
          "schema_version": 0,
          "attributes": {
            "compartment_id": "ocid1.tenancy.oc1..aaaaaaaaphbwvq5uvmfy4ytcnzoxjiyjrx4loyj4n74lhlmf6gphzeafrpba",
            "defined_tags": {
              "Oracle-Tags.CreatedBy": "default/tabarebermudez@gmail.com",
              "Oracle-Tags.CreatedOn": "2024-06-06T16:14:17.583Z"
            },
            "description": "Compartment for VAU",
            "enable_delete": null,
            "freeform_tags": {},
            "id": "ocid1.compartment.oc1..aaaaaaaa7v3lrjkesg266yefxopivj23d6jcnnzoriz7juqjtvzkl75wgbaq",
            "inactive_state": null,
            "is_accessible": true,
            "name": "VAU-Compartment",
            "state": "ACTIVE",
            "time_created": "2024-06-06 16:14:17.625 +0000 UTC",
            "timeouts": null
          },
          "sensitive_attributes": [],
          "private": "eyJlMmJmYjczMC1lY2FhLTExZTYtOGY4OC0zNDM2M2JjN2M0YzAiOnsiZGVsZXRlIjo1NDAwMDAwMDAwMDAwfX0="
        }
      ]
    },
    {
      "mode": "managed",
      "type": "oci_objectstorage_bucket",
      "name": "test_bucket",
      "provider": "provider[\"registry.terraform.io/hashicorp/oci\"]",
      "instances": [
        {
          "schema_version": 0,
          "attributes": {
            "access_type": "ObjectReadWithoutList",
            "approximate_count": "3",
            "approximate_size": "238467",
            "auto_tiering": "InfrequentAccess",
            "bucket_id": "ocid1.bucket.oc1.sa-saopaulo-1.aaaaaaaaqarwiwhn73q2kjqh3nk24fuiihsn4w2b6xdraifr2gc56qy7qasq",
            "compartment_id": "ocid1.compartment.oc1..aaaaaaaa7v3lrjkesg266yefxopivj23d6jcnnzoriz7juqjtvzkl75wgbaq",
            "created_by": "ocid1.user.oc1..aaaaaaaawf2koq7qwkhdcnjkms4plr73xxgo53d2a7vxdbrmjq4fafegsuea",
            "defined_tags": {
              "Oracle-Tags.CreatedBy": "default/tabarebermudez@gmail.com",
              "Oracle-Tags.CreatedOn": "2024-06-20T12:34:54.433Z"
            },
            "etag": "2baa5366-e933-4ded-bd3a-5c0cc2b13cd1",
            "freeform_tags": {},
            "id": "n/grgdwmz4vaot/b/vau_test",
            "is_read_only": false,
            "kms_key_id": null,
            "metadata": {},
            "name": "vau_test",
            "namespace": "grgdwmz4vaot",
            "object_events_enabled": false,
            "object_lifecycle_policy_etag": null,
            "replication_enabled": false,
            "retention_rules": [],
            "storage_tier": "Standard",
            "time_created": "2024-06-20 12:34:54.445 +0000 UTC",
            "timeouts": null,
            "versioning": "Disabled"
          },
          "sensitive_attributes": [],
          "private": "eyJlMmJmYjczMC1lY2FhLTExZTYtOGY4OC0zNDM2M2JjN2M0YzAiOnsiY3JlYXRlIjoxMjAwMDAwMDAwMDAwLCJkZWxldGUiOjEyMDAwMDAwMDAwMDAsInVwZGF0ZSI6MTIwMDAwMDAwMDAwMH19",
          "dependencies": [
            "oci_identity_compartment.vau-compartment"
          ]
        }
      ]
    },
    {
      "module": "module.vcn",
      "mode": "data",
      "type": "oci_core_services",
      "name": "all_oci_services",
      "provider": "provider[\"registry.terraform.io/hashicorp/oci\"]",
      "instances": [
        {
          "index_key": 0,
          "schema_version": 0,
          "attributes": {
            "filter": [
              {
                "name": "name",
                "regex": true,
                "values": [
                  "All .* Services In Oracle Services Network"
                ]
              }
            ],
            "id": "CoreServicesDataSource-0",
            "services": [
              {
                "cidr_block": "all-gru-services-in-oracle-services-network",
                "description": "All GRU Services In Oracle Services Network",
                "id": "ocid1.service.oc1.sa-saopaulo-1.aaaaaaaacd57uig6rzxm2qfipukbqpje2bhztqszh3aj7zk2jtvf6gvntena",
                "name": "All GRU Services In Oracle Services Network"
              }
            ]
          },
          "sensitive_attributes": []
        }
      ]
    },
    {
      "module": "module.vcn",
      "mode": "managed",
      "type": "oci_core_default_security_list",
      "name": "lockdown",
      "provider": "provider[\"registry.terraform.io/hashicorp/oci\"]",
      "instances": [
        {
          "index_key": 0,
          "schema_version": 0,
          "attributes": {
            "compartment_id": "ocid1.compartment.oc1..aaaaaaaa7v3lrjkesg266yefxopivj23d6jcnnzoriz7juqjtvzkl75wgbaq",
            "defined_tags": {
              "Oracle-Tags.CreatedBy": "default/tabarebermudez@gmail.com",
              "Oracle-Tags.CreatedOn": "2024-06-06T16:14:43.649Z"
            },
            "display_name": "Default Security List for vau-vcn-module",
            "egress_security_rules": [],
            "freeform_tags": {
              "module": "oracle-terraform-modules/vcn/oci",
              "terraformed": "Please do not edit manually"
            },
            "id": "ocid1.securitylist.oc1.sa-saopaulo-1.aaaaaaaamuchx42y4fntofhsqwwsltq5w32mtnc6bfgf3ccrgwvp5iv7mmzq",
            "ingress_security_rules": [],
            "manage_default_resource_id": "ocid1.securitylist.oc1.sa-saopaulo-1.aaaaaaaamuchx42y4fntofhsqwwsltq5w32mtnc6bfgf3ccrgwvp5iv7mmzq",
            "state": "AVAILABLE",
            "time_created": "2024-06-06 16:14:43.723 +0000 UTC",
            "timeouts": null
          },
          "sensitive_attributes": [],
          "private": "eyJlMmJmYjczMC1lY2FhLTExZTYtOGY4OC0zNDM2M2JjN2M0YzAiOnsiY3JlYXRlIjoxMjAwMDAwMDAwMDAwLCJkZWxldGUiOjEyMDAwMDAwMDAwMDAsInVwZGF0ZSI6MTIwMDAwMDAwMDAwMH19",
          "dependencies": [
            "module.vcn.oci_core_vcn.vcn",
            "oci_identity_compartment.vau-compartment"
          ]
        }
      ]
    },
    {
      "module": "module.vcn",
      "mode": "managed",
      "type": "oci_core_internet_gateway",
      "name": "ig",
      "provider": "provider[\"registry.terraform.io/hashicorp/oci\"]",
      "instances": [
        {
          "index_key": 0,
          "schema_version": 0,
          "attributes": {
            "compartment_id": "ocid1.compartment.oc1..aaaaaaaa7v3lrjkesg266yefxopivj23d6jcnnzoriz7juqjtvzkl75wgbaq",
            "defined_tags": {
              "Oracle-Tags.CreatedBy": "default/tabarebermudez@gmail.com",
              "Oracle-Tags.CreatedOn": "2024-06-06T16:14:44.353Z"
            },
            "display_name": "internet-gateway",
            "enabled": true,
            "freeform_tags": {
              "module": "oracle-terraform-modules/vcn/oci",
              "terraformed": "Please do not edit manually"
            },
            "id": "ocid1.internetgateway.oc1.sa-saopaulo-1.aaaaaaaaegbghbcsfxvb6l3xzxlcde2r45ox73js23k2asgiyyuuozgdb2lq",
            "route_table_id": null,
            "state": "AVAILABLE",
            "time_created": "2024-06-06 16:14:44.387 +0000 UTC",
            "timeouts": null,
            "vcn_id": "ocid1.vcn.oc1.sa-saopaulo-1.amaaaaaai6xectaatt4adlfz5odvtc55wb32rczdgqocz6bloehfxwc4lqoa"
          },
          "sensitive_attributes": [],
          "private": "eyJlMmJmYjczMC1lY2FhLTExZTYtOGY4OC0zNDM2M2JjN2M0YzAiOnsiY3JlYXRlIjoxMjAwMDAwMDAwMDAwLCJkZWxldGUiOjEyMDAwMDAwMDAwMDAsInVwZGF0ZSI6MTIwMDAwMDAwMDAwMH19",
          "dependencies": [
            "module.vcn.oci_core_vcn.vcn",
            "oci_identity_compartment.vau-compartment"
          ]
        }
      ]
    },
    {
      "module": "module.vcn",
      "mode": "managed",
      "type": "oci_core_nat_gateway",
      "name": "nat_gateway",
      "provider": "provider[\"registry.terraform.io/hashicorp/oci\"]",
      "instances": [
        {
          "index_key": 0,
          "schema_version": 0,
          "attributes": {
            "block_traffic": false,
            "compartment_id": "ocid1.compartment.oc1..aaaaaaaa7v3lrjkesg266yefxopivj23d6jcnnzoriz7juqjtvzkl75wgbaq",
            "defined_tags": {
              "Oracle-Tags.CreatedBy": "default/tabarebermudez@gmail.com",
              "Oracle-Tags.CreatedOn": "2024-06-06T16:14:44.389Z"
            },
            "display_name": "nat-gateway",
            "freeform_tags": {
              "module": "oracle-terraform-modules/vcn/oci",
              "terraformed": "Please do not edit manually"
            },
            "id": "ocid1.natgateway.oc1.sa-saopaulo-1.aaaaaaaadhkkadpz6cks4jj7edu7c6hwbl4cit43zuvxtfenvf23bq67zm4a",
            "nat_ip": "146.235.38.44",
            "public_ip_id": "ocid1.publicip.oc1.sa-saopaulo-1.aaaaaaaahu4v2wq6vjdx27kyuhdn5ekvngkqhcqef2sq7cvoi3t2yek7hixq",
            "route_table_id": null,
            "state": "AVAILABLE",
            "time_created": "2024-06-06 16:14:44.665 +0000 UTC",
            "timeouts": null,
            "vcn_id": "ocid1.vcn.oc1.sa-saopaulo-1.amaaaaaai6xectaatt4adlfz5odvtc55wb32rczdgqocz6bloehfxwc4lqoa"
          },
          "sensitive_attributes": [],
          "private": "eyJlMmJmYjczMC1lY2FhLTExZTYtOGY4OC0zNDM2M2JjN2M0YzAiOnsiY3JlYXRlIjoxMjAwMDAwMDAwMDAwLCJkZWxldGUiOjEyMDAwMDAwMDAwMDAsInVwZGF0ZSI6MTIwMDAwMDAwMDAwMH19",
          "dependencies": [
            "module.vcn.oci_core_vcn.vcn",
            "oci_identity_compartment.vau-compartment"
          ]
        }
      ]
    },
    {
      "module": "module.vcn",
      "mode": "managed",
      "type": "oci_core_route_table",
      "name": "ig",
      "provider": "provider[\"registry.terraform.io/hashicorp/oci\"]",
      "instances": [
        {
          "index_key": 0,
          "schema_version": 0,
          "attributes": {
            "compartment_id": "ocid1.compartment.oc1..aaaaaaaa7v3lrjkesg266yefxopivj23d6jcnnzoriz7juqjtvzkl75wgbaq",
            "defined_tags": {
              "Oracle-Tags.CreatedBy": "default/tabarebermudez@gmail.com",
              "Oracle-Tags.CreatedOn": "2024-06-06T16:14:44.847Z"
            },
            "display_name": "internet-route",
            "freeform_tags": {
              "module": "oracle-terraform-modules/vcn/oci",
              "terraformed": "Please do not edit manually"
            },
            "id": "ocid1.routetable.oc1.sa-saopaulo-1.aaaaaaaaiuj3n3bdukvvqmmgednad3g46enjg27w2iawdvit5dnqamv7jgpa",
            "route_rules": [
              {
                "cidr_block": "",
                "description": "Terraformed - Auto-generated at Internet Gateway creation: Internet Gateway as default gateway",
                "destination": "0.0.0.0/0",
                "destination_type": "CIDR_BLOCK",
                "network_entity_id": "ocid1.internetgateway.oc1.sa-saopaulo-1.aaaaaaaaegbghbcsfxvb6l3xzxlcde2r45ox73js23k2asgiyyuuozgdb2lq",
                "route_type": ""
              }
            ],
            "state": "AVAILABLE",
            "time_created": "2024-06-06 16:14:44.871 +0000 UTC",
            "timeouts": null,
            "vcn_id": "ocid1.vcn.oc1.sa-saopaulo-1.amaaaaaai6xectaatt4adlfz5odvtc55wb32rczdgqocz6bloehfxwc4lqoa"
          },
          "sensitive_attributes": [],
          "private": "eyJlMmJmYjczMC1lY2FhLTExZTYtOGY4OC0zNDM2M2JjN2M0YzAiOnsiY3JlYXRlIjoxMjAwMDAwMDAwMDAwLCJkZWxldGUiOjEyMDAwMDAwMDAwMDAsInVwZGF0ZSI6MTIwMDAwMDAwMDAwMH19",
          "dependencies": [
            "module.vcn.module.drg_from_vcn_module.oci_core_drg.drg",
            "module.vcn.oci_core_internet_gateway.ig",
            "module.vcn.oci_core_vcn.vcn",
            "oci_identity_compartment.vau-compartment"
          ]
        }
      ]
    },
    {
      "module": "module.vcn",
      "mode": "managed",
      "type": "oci_core_route_table",
      "name": "nat",
      "provider": "provider[\"registry.terraform.io/hashicorp/oci\"]",
      "instances": [
        {
          "index_key": 0,
          "schema_version": 0,
          "attributes": {
            "compartment_id": "ocid1.compartment.oc1..aaaaaaaa7v3lrjkesg266yefxopivj23d6jcnnzoriz7juqjtvzkl75wgbaq",
            "defined_tags": {
              "Oracle-Tags.CreatedBy": "default/tabarebermudez@gmail.com",
              "Oracle-Tags.CreatedOn": "2024-06-06T16:14:47.282Z"
            },
            "display_name": "nat-route",
            "freeform_tags": {
              "module": "oracle-terraform-modules/vcn/oci",
              "terraformed": "Please do not edit manually"
            },
            "id": "ocid1.routetable.oc1.sa-saopaulo-1.aaaaaaaafwzl5pp3qm473vihsie4mbcpzk44flniteh5klbuq6ye7kjvhi2a",
            "route_rules": [
              {
                "cidr_block": "",
                "description": "Terraformed - Auto-generated at NAT Gateway creation: NAT Gateway as default gateway",
                "destination": "0.0.0.0/0",
                "destination_type": "CIDR_BLOCK",
                "network_entity_id": "ocid1.natgateway.oc1.sa-saopaulo-1.aaaaaaaadhkkadpz6cks4jj7edu7c6hwbl4cit43zuvxtfenvf23bq67zm4a",
                "route_type": ""
              },
              {
                "cidr_block": "",
                "description": "Terraformed - Auto-generated at Service Gateway creation: All Services in region to Service Gateway",
                "destination": "all-gru-services-in-oracle-services-network",
                "destination_type": "SERVICE_CIDR_BLOCK",
                "network_entity_id": "ocid1.servicegateway.oc1.sa-saopaulo-1.aaaaaaaazpdwmnvtogumdg7vyd45ununotx7im4vsz3dqltgmvyis4ffebqa",
                "route_type": ""
              }
            ],
            "state": "AVAILABLE",
            "time_created": "2024-06-06 16:14:47.322 +0000 UTC",
            "timeouts": null,
            "vcn_id": "ocid1.vcn.oc1.sa-saopaulo-1.amaaaaaai6xectaatt4adlfz5odvtc55wb32rczdgqocz6bloehfxwc4lqoa"
          },
          "sensitive_attributes": [],
          "private": "eyJlMmJmYjczMC1lY2FhLTExZTYtOGY4OC0zNDM2M2JjN2M0YzAiOnsiY3JlYXRlIjoxMjAwMDAwMDAwMDAwLCJkZWxldGUiOjEyMDAwMDAwMDAwMDAsInVwZGF0ZSI6MTIwMDAwMDAwMDAwMH19",
          "dependencies": [
            "module.vcn.data.oci_core_services.all_oci_services",
            "module.vcn.module.drg_from_vcn_module.oci_core_drg.drg",
            "module.vcn.oci_core_nat_gateway.nat_gateway",
            "module.vcn.oci_core_service_gateway.service_gateway",
            "module.vcn.oci_core_vcn.vcn",
            "oci_identity_compartment.vau-compartment"
          ]
        }
      ]
    },
    {
      "module": "module.vcn",
      "mode": "managed",
      "type": "oci_core_service_gateway",
      "name": "service_gateway",
      "provider": "provider[\"registry.terraform.io/hashicorp/oci\"]",
      "instances": [
        {
          "index_key": 0,
          "schema_version": 0,
          "attributes": {
            "block_traffic": false,
            "compartment_id": "ocid1.compartment.oc1..aaaaaaaa7v3lrjkesg266yefxopivj23d6jcnnzoriz7juqjtvzkl75wgbaq",
            "defined_tags": {
              "Oracle-Tags.CreatedBy": "default/tabarebermudez@gmail.com",
              "Oracle-Tags.CreatedOn": "2024-06-06T16:14:44.239Z"
            },
            "display_name": "service-gateway",
            "freeform_tags": {
              "module": "oracle-terraform-modules/vcn/oci",
              "terraformed": "Please do not edit manually"
            },
            "id": "ocid1.servicegateway.oc1.sa-saopaulo-1.aaaaaaaazpdwmnvtogumdg7vyd45ununotx7im4vsz3dqltgmvyis4ffebqa",
            "route_table_id": null,
            "services": [
              {
                "service_id": "ocid1.service.oc1.sa-saopaulo-1.aaaaaaaacd57uig6rzxm2qfipukbqpje2bhztqszh3aj7zk2jtvf6gvntena",
                "service_name": "All GRU Services In Oracle Services Network"
              }
            ],
            "state": "AVAILABLE",
            "time_created": "2024-06-06 16:14:46.199 +0000 UTC",
            "timeouts": null,
            "vcn_id": "ocid1.vcn.oc1.sa-saopaulo-1.amaaaaaai6xectaatt4adlfz5odvtc55wb32rczdgqocz6bloehfxwc4lqoa"
          },
          "sensitive_attributes": [],
          "private": "eyJlMmJmYjczMC1lY2FhLTExZTYtOGY4OC0zNDM2M2JjN2M0YzAiOnsiY3JlYXRlIjoxMjAwMDAwMDAwMDAwLCJkZWxldGUiOjEyMDAwMDAwMDAwMDAsInVwZGF0ZSI6MTIwMDAwMDAwMDAwMH19",
          "dependencies": [
            "module.vcn.data.oci_core_services.all_oci_services",
            "module.vcn.oci_core_vcn.vcn",
            "oci_identity_compartment.vau-compartment"
          ]
        }
      ]
    },
    {
      "module": "module.vcn",
      "mode": "managed",
      "type": "oci_core_vcn",
      "name": "vcn",
      "provider": "provider[\"registry.terraform.io/hashicorp/oci\"]",
      "instances": [
        {
          "schema_version": 0,
          "attributes": {
            "byoipv6cidr_blocks": [],
            "byoipv6cidr_details": [],
            "cidr_block": "10.0.0.0/16",
            "cidr_blocks": [
              "10.0.0.0/16"
            ],
            "compartment_id": "ocid1.compartment.oc1..aaaaaaaa7v3lrjkesg266yefxopivj23d6jcnnzoriz7juqjtvzkl75wgbaq",
            "default_dhcp_options_id": "ocid1.dhcpoptions.oc1.sa-saopaulo-1.aaaaaaaafjv6unykd26nhelfehyhkw2yjwhobgsmgpmxxuenlnczwodm2rrq",
            "default_route_table_id": "ocid1.routetable.oc1.sa-saopaulo-1.aaaaaaaaak3vantho5efjmmaxnndfhsmythrdyz5c4ca5svuypske3pfufrq",
            "default_security_list_id": "ocid1.securitylist.oc1.sa-saopaulo-1.aaaaaaaamuchx42y4fntofhsqwwsltq5w32mtnc6bfgf3ccrgwvp5iv7mmzq",
            "defined_tags": {
              "Oracle-Tags.CreatedBy": "default/tabarebermudez@gmail.com",
              "Oracle-Tags.CreatedOn": "2024-06-06T16:14:43.649Z"
            },
            "display_name": "vau-vcn-module",
            "dns_label": "vauvcnmodule",
            "freeform_tags": {
              "module": "oracle-terraform-modules/vcn/oci",
              "terraformed": "Please do not edit manually"
            },
            "id": "ocid1.vcn.oc1.sa-saopaulo-1.amaaaaaai6xectaatt4adlfz5odvtc55wb32rczdgqocz6bloehfxwc4lqoa",
            "ipv6cidr_blocks": [],
            "ipv6private_cidr_blocks": [],
            "is_ipv6enabled": false,
            "is_oracle_gua_allocation_enabled": null,
            "state": "AVAILABLE",
            "time_created": "2024-06-06 16:14:43.723 +0000 UTC",
            "timeouts": null,
            "vcn_domain_name": "vauvcnmodule.oraclevcn.com"
          },
          "sensitive_attributes": [],
          "private": "eyJlMmJmYjczMC1lY2FhLTExZTYtOGY4OC0zNDM2M2JjN2M0YzAiOnsiY3JlYXRlIjoxMjAwMDAwMDAwMDAwLCJkZWxldGUiOjEyMDAwMDAwMDAwMDAsInVwZGF0ZSI6MTIwMDAwMDAwMDAwMH19",
          "dependencies": [
            "oci_identity_compartment.vau-compartment"
          ]
        }
      ]
    }
  ],
  "check_results": [
    {
      "object_kind": "var",
      "config_addr": "module.vcn.var.drg_display_name",
      "status": "pass",
      "objects": [
        {
          "object_addr": "module.vcn.var.drg_display_name",
          "status": "pass"
        }
      ]
    },
    {
      "object_kind": "var",
      "config_addr": "module.vcn.var.service_gateway_display_name",
      "status": "pass",
      "objects": [
        {
          "object_addr": "module.vcn.var.service_gateway_display_name",
          "status": "pass"
        }
      ]
    },
    {
      "object_kind": "var",
      "config_addr": "module.vcn.module.drg_from_vcn_module.var.drg_display_name",
      "status": "pass",
      "objects": null
    },
    {
      "object_kind": "var",
      "config_addr": "module.vcn.var.vcn_name",
      "status": "pass",
      "objects": [
        {
          "object_addr": "module.vcn.var.vcn_name",
          "status": "pass"
        }
      ]
    },
    {
      "object_kind": "var",
      "config_addr": "module.vcn.var.internet_gateway_display_name",
      "status": "pass",
      "objects": [
        {
          "object_addr": "module.vcn.var.internet_gateway_display_name",
          "status": "pass"
        }
      ]
    },
    {
      "object_kind": "var",
      "config_addr": "module.vcn.var.nat_gateway_display_name",
      "status": "pass",
      "objects": [
        {
          "object_addr": "module.vcn.var.nat_gateway_display_name",
          "status": "pass"
        }
      ]
    },
    {
      "object_kind": "var",
      "config_addr": "module.vcn.var.vcn_dns_label",
      "status": "pass",
      "objects": [
        {
          "object_addr": "module.vcn.var.vcn_dns_label",
          "status": "pass"
        }
      ]
    }
  ]
}
